
Microsoft Visual Studio Solution File, Format Version 12.00
# Visual Studio Version 17
VisualStudioVersion = 17.4.32912.340
MinimumVisualStudioVersion = 10.0.40219.1
Project("{FAE04EC0-301F-11D3-BF4B-00C04F79EFBC}") = "GraphicalNovelEPUBuilder", "GraphicalNovelEPUBuilder.csproj", "{4C329AD2-2DB2-447E-95B3-9668492692EB}"
EndProject
Project("{FAE04EC0-301F-11D3-BF4B-00C04F79EFBC}") = "EpubHandler", "EpubHandler\EpubHandler.csproj", "{93E9A0E5-AD02-4BC5-AD04-8355BEB612B4}"
EndProject
Global
	GlobalSection(SolutionConfigurationPlatforms) = preSolution
		Debug|Any CPU = Debug|Any CPU
		Release|Any CPU = Release|Any CPU
	EndGlobalSection
	GlobalSection(ProjectConfigurationPlatforms) = postSolution
		{4C329AD2-2DB2-447E-95B3-9668492692EB}.Debug|Any CPU.ActiveCfg = Debug|Any CPU
		{4C329AD2-2DB2-447E-95B3-9668492692EB}.Debug|Any CPU.Build.0 = Debug|Any CPU
		{4C329AD2-2DB2-447E-95B3-9668492692EB}.Release|Any CPU.ActiveCfg = Release|Any CPU
		{4C329AD2-2DB2-447E-95B3-9668492692EB}.Release|Any CPU.Build.0 = Release|Any CPU
		{93E9A0E5-AD02-4BC5-AD04-8355BEB612B4}.Debug|Any CPU.ActiveCfg = Debug|Any CPU
		{93E9A0E5-AD02-4BC5-AD04-8355BEB612B4}.Debug|Any CPU.Build.0 = Debug|Any CPU
		{93E9A0E5-AD02-4BC5-AD04-8355BEB612B4}.Release|Any CPU.ActiveCfg = Release|Any CPU
		{93E9A0E5-AD02-4BC5-AD04-8355BEB612B4}.Release|Any CPU.Build.0 = Release|Any CPU
	EndGlobalSection
	GlobalSection(SolutionProperties) = preSolution
		HideSolutionNode = FALSE
	EndGlobalSection
	GlobalSection(ExtensibilityGlobals) = postSolution
		SolutionGuid = {EAF70F15-B602-4710-8AF0-D990E746407C}
	EndGlobalSection
EndGlobal
